
Microsoft Visual Studio Solution File, Format Version 12.00
# Visual Studio Version 17
VisualStudioVersion = 17.11.35303.130
MinimumVisualStudioVersion = 10.0.40219.1
Project("{FAE04EC0-301F-11D3-BF4B-00C04F79EFBC}") = "PlaywrightTestsForJsonplaceholder", "PlaywrightTestsForJsonplaceholder.csproj", "{692D36B2-695F-42E9-B207-39C8A71C1D2C}"
EndProject
Global
	GlobalSection(SolutionConfigurationPlatforms) = preSolution
		Debug|Any CPU = Debug|Any CPU
		Release|Any CPU = Release|Any CPU
	EndGlobalSection
	GlobalSection(ProjectConfigurationPlatforms) = postSolution
		{692D36B2-695F-42E9-B207-39C8A71C1D2C}.Debug|Any CPU.ActiveCfg = Debug|Any CPU
		{692D36B2-695F-42E9-B207-39C8A71C1D2C}.Debug|Any CPU.Build.0 = Debug|Any CPU
		{692D36B2-695F-42E9-B207-39C8A71C1D2C}.Release|Any CPU.ActiveCfg = Release|Any CPU
		{692D36B2-695F-42E9-B207-39C8A71C1D2C}.Release|Any CPU.Build.0 = Release|Any CPU
	EndGlobalSection
	GlobalSection(SolutionProperties) = preSolution
		HideSolutionNode = FALSE
	EndGlobalSection
	GlobalSection(ExtensibilityGlobals) = postSolution
		SolutionGuid = {11A70F23-4D04-46D9-AD23-CE8A90609CD9}
	EndGlobalSection
EndGlobal
